
Microsoft Visual Studio Solution File, Format Version 12.00
# Visual Studio Version 17
VisualStudioVersion = 17.10.35027.167
MinimumVisualStudioVersion = 10.0.40219.1
Project("{FAE04EC0-301F-11D3-BF4B-00C04F79EFBC}") = "4_2", "4_2.csproj", "{3D2DFC44-F3C1-4DAA-9B27-55C113B06E55}"
EndProject
Global
	GlobalSection(SolutionConfigurationPlatforms) = preSolution
		Debug|Any CPU = Debug|Any CPU
		Release|Any CPU = Release|Any CPU
	EndGlobalSection
	GlobalSection(ProjectConfigurationPlatforms) = postSolution
		{3D2DFC44-F3C1-4DAA-9B27-55C113B06E55}.Debug|Any CPU.ActiveCfg = Debug|Any CPU
		{3D2DFC44-F3C1-4DAA-9B27-55C113B06E55}.Debug|Any CPU.Build.0 = Debug|Any CPU
		{3D2DFC44-F3C1-4DAA-9B27-55C113B06E55}.Release|Any CPU.ActiveCfg = Release|Any CPU
		{3D2DFC44-F3C1-4DAA-9B27-55C113B06E55}.Release|Any CPU.Build.0 = Release|Any CPU
	EndGlobalSection
	GlobalSection(SolutionProperties) = preSolution
		HideSolutionNode = FALSE
	EndGlobalSection
	GlobalSection(ExtensibilityGlobals) = postSolution
		SolutionGuid = {EB6FBAC5-18A0-4540-B6AD-8EB36DFCF20C}
	EndGlobalSection
EndGlobal
